<?xml version="1.0" encoding="utf-8"?>
<Project ToolsVersion="4.0" xmlns="http://schemas.microsoft.com/developer/msbuild/2003">
  <ItemGroup>
    <Filter Include="Source Files">
      <UniqueIdentifier>{4FC737F1-C7A5-4376-A066-2A32D752A2FF}</UniqueIdentifier>
      <Extensions>cpp;c;cc;cxx;def;odl;idl;hpj;bat;asm;asmx</Extensions>
    </Filter>
    <Filter Include="Header Files">
      <UniqueIdentifier>{93995380-89BD-4b04-88EB-625FBE52EBFB}</UniqueIdentifier>
      <Extensions>h;hh;hpp;hxx;hm;inl;inc;xsd</Extensions>
    </Filter>
  </ItemGroup>
  <ItemGroup>
    <ClCompile Include="src\ch01\01_Creating_endpoint_client.cpp">
      <Filter>Source Files</Filter>
    </ClCompile>
    <ClCompile Include="src\ch01\02_Creating_endpoint_server.cpp">
      <Filter>Source Files</Filter>
    </ClCompile>
    <ClCompile Include="src\ch01\03_Creating_an_active_socket_TCP_IPv4.cpp">
      <Filter>Source Files</Filter>
    </ClCompile>
    <ClCompile Include="src\ch01\04_Creating_an_active_socket_UDP_IPv6.cpp">
      <Filter>Source Files</Filter>
    </ClCompile>
    <ClCompile Include="src\ch01\05_Creating_a_passive_socket.cpp">
      <Filter>Source Files</Filter>
    </ClCompile>
    <ClCompile Include="src\ch01\06_Resolving_a_DNS_name_TCP.cpp">
      <Filter>Source Files</Filter>
    </ClCompile>
    <ClCompile Include="src\ch01\07_Resolving_a_DNS_name_UDP.cpp">
      <Filter>Source Files</Filter>
    </ClCompile>
    <ClCompile Include="src\ch01\08_Binding_a_socket_TCP_passive.cpp">
      <Filter>Source Files</Filter>
    </ClCompile>
    <ClCompile Include="src\ch01\09_Binding_a_socket_UDP_active.cpp">
      <Filter>Source Files</Filter>
    </ClCompile>
    <ClCompile Include="src\ch01\10_Connecting_a_socket.cpp">
      <Filter>Source Files</Filter>
    </ClCompile>
    <ClCompile Include="src\ch01\11_Connecting_a_socket_DNS_name.cpp">
      <Filter>Source Files</Filter>
    </ClCompile>
    <ClCompile Include="src\ch01\12_Accepting_a_connection.cpp">
      <Filter>Source Files</Filter>
    </ClCompile>
    <ClCompile Include="src\ch02\01_Fixed_length_buffer_output.cpp">
      <Filter>Source Files</Filter>
    </ClCompile>
    <ClCompile Include="src\ch02\02_Fixed_length_buffer_input.cpp">
      <Filter>Source Files</Filter>
    </ClCompile>
    <ClCompile Include="src\ch02\03_Extensible_stream_oriented_buffer.cpp">
      <Filter>Source Files</Filter>
    </ClCompile>
    <ClCompile Include="src\ch02\04_Writing_to_TCP_socket_sync.cpp">
      <Filter>Source Files</Filter>
    </ClCompile>
    <ClCompile Include="src\ch02\05_Reading_from_TCP_socket_sync.cpp">
      <Filter>Source Files</Filter>
    </ClCompile>
    <ClCompile Include="src\ch02\06_Writing_to_TCP_socket_async.cpp">
      <Filter>Source Files</Filter>
    </ClCompile>
    <ClCompile Include="src\ch02\07_Writing_to_TCP_socket_async_enhanced.cpp">
      <Filter>Source Files</Filter>
    </ClCompile>
    <ClCompile Include="src\ch02\08_Reading_from_TCP_socket_async.cpp">
      <Filter>Source Files</Filter>
    </ClCompile>
    <ClCompile Include="src\ch02\09_Reading_from_TCP_socket_async_enhanced.cpp">
      <Filter>Source Files</Filter>
    </ClCompile>
    <ClCompile Include="src\ch02\10_Canceling_async_operations.cpp">
      <Filter>Source Files</Filter>
    </ClCompile>
    <ClCompile Include="src\ch02\11_Socket_shutdown_client.cpp">
      <Filter>Source Files</Filter>
    </ClCompile>
    <ClCompile Include="src\ch02\12_Socket_shutdown_server.cpp">
      <Filter>Source Files</Filter>
    </ClCompile>
    <ClCompile Include="src\ch03\01_Sync_tcp_client.cpp">
      <Filter>Source Files</Filter>
    </ClCompile>
    <ClCompile Include="src\ch03\02_Sync_udp_client.cpp">
      <Filter>Source Files</Filter>
    </ClCompile>
    <ClCompile Include="src\ch03\03_Async_tcp_client.cpp">
      <Filter>Source Files</Filter>
    </ClCompile>
    <ClCompile Include="src\ch03\04_Async_tcp_client_mt.cpp">
      <Filter>Source Files</Filter>
    </ClCompile>
    <ClCompile Include="src\ch04\01_Sync_iterative_tcp_server.cpp">
      <Filter>Source Files</Filter>
    </ClCompile>
    <ClCompile Include="src\ch04\02_Sync_parallel_tcp_server.cpp">
      <Filter>Source Files</Filter>
    </ClCompile>
    <ClCompile Include="src\ch04\03_Async_parallel_tcp_server.cpp">
      <Filter>Source Files</Filter>
    </ClCompile>
  </ItemGroup>
  <ItemGroup>
    <ClInclude Include="src\common\buffer.h">
      <Filter>Header Files</Filter>
    </ClInclude>
    <ClInclude Include="src\common\logging.h">
      <Filter>Header Files</Filter>
    </ClInclude>
  </ItemGroup>
</Project>